
Microsoft Visual Studio Solution File, Format Version 12.00
# Visual Studio Version 16
VisualStudioVersion = 16.0.31005.135
MinimumVisualStudioVersion = 10.0.40219.1
Project("{FAE04EC0-301F-11D3-BF4B-00C04F79EFBC}") = "WebApplication", "WebApplication\WebApplication.csproj", "{7D9FA0FE-53A1-466D-B281-985C7BADF170}"
EndProject
Global
	GlobalSection(SolutionConfigurationPlatforms) = preSolution
		Debug|Any CPU = Debug|Any CPU
		Release|Any CPU = Release|Any CPU
	EndGlobalSection
	GlobalSection(ProjectConfigurationPlatforms) = postSolution
		{7D9FA0FE-53A1-466D-B281-985C7BADF170}.Debug|Any CPU.ActiveCfg = Debug|Any CPU
		{7D9FA0FE-53A1-466D-B281-985C7BADF170}.Debug|Any CPU.Build.0 = Debug|Any CPU
		{7D9FA0FE-53A1-466D-B281-985C7BADF170}.Release|Any CPU.ActiveCfg = Release|Any CPU
		{7D9FA0FE-53A1-466D-B281-985C7BADF170}.Release|Any CPU.Build.0 = Release|Any CPU
	EndGlobalSection
	GlobalSection(SolutionProperties) = preSolution
		HideSolutionNode = FALSE
	EndGlobalSection
	GlobalSection(ExtensibilityGlobals) = postSolution
		SolutionGuid = {C9C5FA53-9A37-4016-8C4E-6617ADD77C71}
	EndGlobalSection
EndGlobal
